
Microsoft Visual Studio Solution File, Format Version 12.00
# Visual Studio Version 16
VisualStudioVersion = 16.0.31911.196
MinimumVisualStudioVersion = 10.0.40219.1
Project("{9A19103F-16F7-4668-BE54-9A1E7A4F7556}") = "GatewayApi", "GatewayApi\GatewayApi.csproj", "{FDDF12D9-03C0-42BE-B755-65944B913224}"
EndProject
Project("{9A19103F-16F7-4668-BE54-9A1E7A4F7556}") = "AccountApi", "AccountApi\AccountApi.csproj", "{2B3D8E1E-FAA5-4580-B6B8-4C88B1A09C57}"
EndProject
Project("{FAE04EC0-301F-11D3-BF4B-00C04F79EFBC}") = "AuthenticationTests", "AuthenticationTests\AuthenticationTests.csproj", "{36757BCC-3B21-4153-9B07-147924BE43C2}"
EndProject
Project("{FAE04EC0-301F-11D3-BF4B-00C04F79EFBC}") = "AccountModels", "AccountModels\AccountModels.csproj", "{ADED7806-852D-42DC-A056-6B0DACF19602}"
EndProject
Global
	GlobalSection(SolutionConfigurationPlatforms) = preSolution
		Debug|Any CPU = Debug|Any CPU
		Release|Any CPU = Release|Any CPU
	EndGlobalSection
	GlobalSection(ProjectConfigurationPlatforms) = postSolution
		{FDDF12D9-03C0-42BE-B755-65944B913224}.Debug|Any CPU.ActiveCfg = Debug|Any CPU
		{FDDF12D9-03C0-42BE-B755-65944B913224}.Debug|Any CPU.Build.0 = Debug|Any CPU
		{FDDF12D9-03C0-42BE-B755-65944B913224}.Release|Any CPU.ActiveCfg = Release|Any CPU
		{FDDF12D9-03C0-42BE-B755-65944B913224}.Release|Any CPU.Build.0 = Release|Any CPU
		{2B3D8E1E-FAA5-4580-B6B8-4C88B1A09C57}.Debug|Any CPU.ActiveCfg = Debug|Any CPU
		{2B3D8E1E-FAA5-4580-B6B8-4C88B1A09C57}.Debug|Any CPU.Build.0 = Debug|Any CPU
		{2B3D8E1E-FAA5-4580-B6B8-4C88B1A09C57}.Release|Any CPU.ActiveCfg = Release|Any CPU
		{2B3D8E1E-FAA5-4580-B6B8-4C88B1A09C57}.Release|Any CPU.Build.0 = Release|Any CPU
		{36757BCC-3B21-4153-9B07-147924BE43C2}.Debug|Any CPU.ActiveCfg = Debug|Any CPU
		{36757BCC-3B21-4153-9B07-147924BE43C2}.Debug|Any CPU.Build.0 = Debug|Any CPU
		{36757BCC-3B21-4153-9B07-147924BE43C2}.Release|Any CPU.ActiveCfg = Release|Any CPU
		{36757BCC-3B21-4153-9B07-147924BE43C2}.Release|Any CPU.Build.0 = Release|Any CPU
		{ADED7806-852D-42DC-A056-6B0DACF19602}.Debug|Any CPU.ActiveCfg = Debug|Any CPU
		{ADED7806-852D-42DC-A056-6B0DACF19602}.Debug|Any CPU.Build.0 = Debug|Any CPU
		{ADED7806-852D-42DC-A056-6B0DACF19602}.Release|Any CPU.ActiveCfg = Release|Any CPU
		{ADED7806-852D-42DC-A056-6B0DACF19602}.Release|Any CPU.Build.0 = Release|Any CPU
	EndGlobalSection
	GlobalSection(SolutionProperties) = preSolution
		HideSolutionNode = FALSE
	EndGlobalSection
	GlobalSection(ExtensibilityGlobals) = postSolution
		SolutionGuid = {DA4DCC66-F592-4BDB-B2AC-8E77F04D832D}
	EndGlobalSection
EndGlobal
